// !$*UTF8*$!
{
	archiveVersion = 1;
	classes = {
	};
	objectVersion = 50;
	objects = {

/* Begin PBXBuildFile section */
		0F0470BE22B3B0D000969F1D /* DetailViewController.swift in Sources */ = {isa = PBXBuildFile; fileRef = 0F0470BD22B3B0D000969F1D /* DetailViewController.swift */; };
		0F0470C022B3BD7A00969F1D /* DimmingPresentationController.swift in Sources */ = {isa = PBXBuildFile; fileRef = 0F0470BF22B3BD7A00969F1D /* DimmingPresentationController.swift */; };
		0F0995B722C292840054DFC4 /* FadeOutAnimationController.swift in Sources */ = {isa = PBXBuildFile; fileRef = 0F0995B622C292840054DFC4 /* FadeOutAnimationController.swift */; };
		0F14CA112292CCDD003F8A88 /* SearchResult.swift in Sources */ = {isa = PBXBuildFile; fileRef = 0F14CA102292CCDD003F8A88 /* SearchResult.swift */; };
		0F183AAE22BE1414003CE9DD /* GradientView.swift in Sources */ = {isa = PBXBuildFile; fileRef = 0F183AAD22BE1414003CE9DD /* GradientView.swift */; };
		0F183AB022C12C82003CE9DD /* BounceAnimationController.swift in Sources */ = {isa = PBXBuildFile; fileRef = 0F183AAF22C12C82003CE9DD /* BounceAnimationController.swift */; };
		0F183AB222C13775003CE9DD /* SlideOutAnimationController.swift in Sources */ = {isa = PBXBuildFile; fileRef = 0F183AB122C13775003CE9DD /* SlideOutAnimationController.swift */; };
		0F183AB422C13B9B003CE9DD /* LandscapeViewController.swift in Sources */ = {isa = PBXBuildFile; fileRef = 0F183AB322C13B9B003CE9DD /* LandscapeViewController.swift */; };
		0F6F085B2292822200858D30 /* AppDelegate.swift in Sources */ = {isa = PBXBuildFile; fileRef = 0F6F085A2292822200858D30 /* AppDelegate.swift */; };
		0F6F085D2292822200858D30 /* SearchViewController.swift in Sources */ = {isa = PBXBuildFile; fileRef = 0F6F085C2292822200858D30 /* SearchViewController.swift */; };
		0F6F08602292822200858D30 /* Main.storyboard in Resources */ = {isa = PBXBuildFile; fileRef = 0F6F085E2292822200858D30 /* Main.storyboard */; };
		0F6F08622292822300858D30 /* Assets.xcassets in Resources */ = {isa = PBXBuildFile; fileRef = 0F6F08612292822300858D30 /* Assets.xcassets */; };
		0F907BC6229816C900FD65CC /* LoadingCell.xib in Resources */ = {isa = PBXBuildFile; fileRef = 0F907BC5229816C900FD65CC /* LoadingCell.xib */; };
		0F9D046D2294107900132A11 /* SearchResultCell.xib in Resources */ = {isa = PBXBuildFile; fileRef = 0F9D046C2294107900132A11 /* SearchResultCell.xib */; };
		0F9D046F22941EBD00132A11 /* SearchResultCell.swift in Sources */ = {isa = PBXBuildFile; fileRef = 0F9D046E22941EBD00132A11 /* SearchResultCell.swift */; };
		0F9D04712294224800132A11 /* NothingFoundCell.xib in Resources */ = {isa = PBXBuildFile; fileRef = 0F9D04702294224800132A11 /* NothingFoundCell.xib */; };
		0FD0EA3722A696D700E2DE1F /* UIImageView+DownloadImage.swift in Sources */ = {isa = PBXBuildFile; fileRef = 0FD0EA3622A696D700E2DE1F /* UIImageView+DownloadImage.swift */; };
/* End PBXBuildFile section */

/* Begin PBXFileReference section */
		0F0470BD22B3B0D000969F1D /* DetailViewController.swift */ = {isa = PBXFileReference; lastKnownFileType = sourcecode.swift; path = DetailViewController.swift; sourceTree = "<group>"; };
		0F0470BF22B3BD7A00969F1D /* DimmingPresentationController.swift */ = {isa = PBXFileReference; lastKnownFileType = sourcecode.swift; path = DimmingPresentationController.swift; sourceTree = "<group>"; };
		0F0995B622C292840054DFC4 /* FadeOutAnimationController.swift */ = {isa = PBXFileReference; lastKnownFileType = sourcecode.swift; path = FadeOutAnimationController.swift; sourceTree = "<group>"; };
		0F14CA102292CCDD003F8A88 /* SearchResult.swift */ = {isa = PBXFileReference; lastKnownFileType = sourcecode.swift; path = SearchResult.swift; sourceTree = "<group>"; };
		0F183AAD22BE1414003CE9DD /* GradientView.swift */ = {isa = PBXFileReference; lastKnownFileType = sourcecode.swift; path = GradientView.swift; sourceTree = "<group>"; };
		0F183AAF22C12C82003CE9DD /* BounceAnimationController.swift */ = {isa = PBXFileReference; lastKnownFileType = sourcecode.swift; path = BounceAnimationController.swift; sourceTree = "<group>"; };
		0F183AB122C13775003CE9DD /* SlideOutAnimationController.swift */ = {isa = PBXFileReference; lastKnownFileType = sourcecode.swift; path = SlideOutAnimationController.swift; sourceTree = "<group>"; };
		0F183AB322C13B9B003CE9DD /* LandscapeViewController.swift */ = {isa = PBXFileReference; lastKnownFileType = sourcecode.swift; path = LandscapeViewController.swift; sourceTree = "<group>"; };
		0F6F08572292822200858D30 /* StoreSearch.app */ = {isa = PBXFileReference; explicitFileType = wrapper.application; includeInIndex = 0; path = StoreSearch.app; sourceTree = BUILT_PRODUCTS_DIR; };
		0F6F085A2292822200858D30 /* AppDelegate.swift */ = {isa = PBXFileReference; lastKnownFileType = sourcecode.swift; path = AppDelegate.swift; sourceTree = "<group>"; };
		0F6F085C2292822200858D30 /* SearchViewController.swift */ = {isa = PBXFileReference; lastKnownFileType = sourcecode.swift; path = SearchViewController.swift; sourceTree = "<group>"; };
		0F6F085F2292822200858D30 /* Base */ = {isa = PBXFileReference; lastKnownFileType = file.storyboard; name = Base; path = Base.lproj/Main.storyboard; sourceTree = "<group>"; };
		0F6F08612292822300858D30 /* Assets.xcassets */ = {isa = PBXFileReference; lastKnownFileType = folder.assetcatalog; path = Assets.xcassets; sourceTree = "<group>"; };
		0F6F08662292822300858D30 /* Info.plist */ = {isa = PBXFileReference; lastKnownFileType = text.plist.xml; path = Info.plist; sourceTree = "<group>"; };
		0F907BC5229816C900FD65CC /* LoadingCell.xib */ = {isa = PBXFileReference; lastKnownFileType = file.xib; path = LoadingCell.xib; sourceTree = "<group>"; };
		0F9D046C2294107900132A11 /* SearchResultCell.xib */ = {isa = PBXFileReference; lastKnownFileType = file.xib; path = SearchResultCell.xib; sourceTree = "<group>"; };
		0F9D046E22941EBD00132A11 /* SearchResultCell.swift */ = {isa = PBXFileReference; lastKnownFileType = sourcecode.swift; path = SearchResultCell.swift; sourceTree = "<group>"; };
		0F9D04702294224800132A11 /* NothingFoundCell.xib */ = {isa = PBXFileReference; lastKnownFileType = file.xib; path = NothingFoundCell.xib; sourceTree = "<group>"; };
		0FD0EA3622A696D700E2DE1F /* UIImageView+DownloadImage.swift */ = {isa = PBXFileReference; lastKnownFileType = sourcecode.swift; path = "UIImageView+DownloadImage.swift"; sourceTree = "<group>"; };
/* End PBXFileReference section */

/* Begin PBXFrameworksBuildPhase section */
		0F6F08542292822200858D30 /* Frameworks */ = {
			isa = PBXFrameworksBuildPhase;
			buildActionMask = 2147483647;
			files = (
			);
			runOnlyForDeploymentPostprocessing = 0;
		};
/* End PBXFrameworksBuildPhase section */

/* Begin PBXGroup section */
		0F6F084E2292822200858D30 = {
			isa = PBXGroup;
			children = (
				0F6F08592292822200858D30 /* StoreSearch */,
				0F6F08582292822200858D30 /* Products */,
			);
			sourceTree = "<group>";
		};
		0F6F08582292822200858D30 /* Products */ = {
			isa = PBXGroup;
			children = (
				0F6F08572292822200858D30 /* StoreSearch.app */,
			);
			name = Products;
			sourceTree = "<group>";
		};
		0F6F08592292822200858D30 /* StoreSearch */ = {
			isa = PBXGroup;
			children = (
				0F6F085A2292822200858D30 /* AppDelegate.swift */,
				0F6F085C2292822200858D30 /* SearchViewController.swift */,
				0F6F085E2292822200858D30 /* Main.storyboard */,
				0F6F08612292822300858D30 /* Assets.xcassets */,
				0F6F08662292822300858D30 /* Info.plist */,
				0F14CA102292CCDD003F8A88 /* SearchResult.swift */,
				0F9D046C2294107900132A11 /* SearchResultCell.xib */,
				0F9D046E22941EBD00132A11 /* SearchResultCell.swift */,
				0F9D04702294224800132A11 /* NothingFoundCell.xib */,
				0F907BC5229816C900FD65CC /* LoadingCell.xib */,
				0FD0EA3622A696D700E2DE1F /* UIImageView+DownloadImage.swift */,
				0F0470BD22B3B0D000969F1D /* DetailViewController.swift */,
				0F0470BF22B3BD7A00969F1D /* DimmingPresentationController.swift */,
				0F183AAD22BE1414003CE9DD /* GradientView.swift */,
				0F183AAF22C12C82003CE9DD /* BounceAnimationController.swift */,
				0F183AB122C13775003CE9DD /* SlideOutAnimationController.swift */,
				0F183AB322C13B9B003CE9DD /* LandscapeViewController.swift */,
				0F0995B622C292840054DFC4 /* FadeOutAnimationController.swift */,
			);
			path = StoreSearch;
			sourceTree = "<group>";
		};
/* End PBXGroup section */

/* Begin PBXNativeTarget section */
		0F6F08562292822200858D30 /* StoreSearch */ = {
			isa = PBXNativeTarget;
			buildConfigurationList = 0F6F08692292822300858D30 /* Build configuration list for PBXNativeTarget "StoreSearch" */;
			buildPhases = (
				0F6F08532292822200858D30 /* Sources */,
				0F6F08542292822200858D30 /* Frameworks */,
				0F6F08552292822200858D30 /* Resources */,
			);
			buildRules = (
			);
			dependencies = (
			);
			name = StoreSearch;
			productName = StoreSearch;
			productReference = 0F6F08572292822200858D30 /* StoreSearch.app */;
			productType = "com.apple.product-type.application";
		};
/* End PBXNativeTarget section */

/* Begin PBXProject section */
		0F6F084F2292822200858D30 /* Project object */ = {
			isa = PBXProject;
			attributes = {
				LastSwiftUpdateCheck = 1020;
				LastUpgradeCheck = 1020;
				ORGANIZATIONNAME = "Toni Itkonen";
				TargetAttributes = {
					0F6F08562292822200858D30 = {
						CreatedOnToolsVersion = 10.2.1;
					};
				};
			};
			buildConfigurationList = 0F6F08522292822200858D30 /* Build configuration list for PBXProject "StoreSearch" */;
			compatibilityVersion = "Xcode 9.3";
			developmentRegion = en;
			hasScannedForEncodings = 0;
			knownRegions = (
				en,
				Base,
			);
			mainGroup = 0F6F084E2292822200858D30;
			productRefGroup = 0F6F08582292822200858D30 /* Products */;
			projectDirPath = "";
			projectRoot = "";
			targets = (
				0F6F08562292822200858D30 /* StoreSearch */,
			);
		};
/* End PBXProject section */

/* Begin PBXResourcesBuildPhase section */
		0F6F08552292822200858D30 /* Resources */ = {
			isa = PBXResourcesBuildPhase;
			buildActionMask = 2147483647;
			files = (
				0F6F08622292822300858D30 /* Assets.xcassets in Resources */,
				0F907BC6229816C900FD65CC /* LoadingCell.xib in Resources */,
				0F9D046D2294107900132A11 /* SearchResultCell.xib in Resources */,
				0F9D04712294224800132A11 /* NothingFoundCell.xib in Resources */,
				0F6F08602292822200858D30 /* Main.storyboard in Resources */,
			);
			runOnlyForDeploymentPostprocessing = 0;
		};
/* End PBXResourcesBuildPhase section */

/* Begin PBXSourcesBuildPhase section */
		0F6F08532292822200858D30 /* Sources */ = {
			isa = PBXSourcesBuildPhase;
			buildActionMask = 2147483647;
			files = (
				0F6F085D2292822200858D30 /* SearchViewController.swift in Sources */,
				0F0470C022B3BD7A00969F1D /* DimmingPresentationController.swift in Sources */,
				0F0995B722C292840054DFC4 /* FadeOutAnimationController.swift in Sources */,
				0F14CA112292CCDD003F8A88 /* SearchResult.swift in Sources */,
				0F9D046F22941EBD00132A11 /* SearchResultCell.swift in Sources */,
				0F183AB022C12C82003CE9DD /* BounceAnimationController.swift in Sources */,
				0F183AB422C13B9B003CE9DD /* LandscapeViewController.swift in Sources */,
				0F0470BE22B3B0D000969F1D /* DetailViewController.swift in Sources */,
				0F6F085B2292822200858D30 /* AppDelegate.swift in Sources */,
				0F183AAE22BE1414003CE9DD /* GradientView.swift in Sources */,
				0FD0EA3722A696D700E2DE1F /* UIImageView+DownloadImage.swift in Sources */,
				0F183AB222C13775003CE9DD /* SlideOutAnimationController.swift in Sources */,
			);
			runOnlyForDeploymentPostprocessing = 0;
		};
/* End PBXSourcesBuildPhase section */

/* Begin PBXVariantGroup section */
		0F6F085E2292822200858D30 /* Main.storyboard */ = {
			isa = PBXVariantGroup;
			children = (
				0F6F085F2292822200858D30 /* Base */,
			);
			name = Main.storyboard;
			sourceTree = "<group>";
		};
/* End PBXVariantGroup section */

/* Begin XCBuildConfiguration section */
		0F6F08672292822300858D30 /* Debug */ = {
			isa = XCBuildConfiguration;
			buildSettings = {
				ALWAYS_SEARCH_USER_PATHS = NO;
				CLANG_ANALYZER_NONNULL = YES;
				CLANG_ANALYZER_NUMBER_OBJECT_CONVERSION = YES_AGGRESSIVE;
				CLANG_CXX_LANGUAGE_STANDARD = "gnu++14";
				CLANG_CXX_LIBRARY = "libc++";
				CLANG_ENABLE_MODULES = YES;
				CLANG_ENABLE_OBJC_ARC = YES;
				CLANG_ENABLE_OBJC_WEAK = YES;
				CLANG_WARN_BLOCK_CAPTURE_AUTORELEASING = YES;
				CLANG_WARN_BOOL_CONVERSION = YES;
				CLANG_WARN_COMMA = YES;
				CLANG_WARN_CONSTANT_CONVERSION = YES;
				CLANG_WARN_DEPRECATED_OBJC_IMPLEMENTATIONS = YES;
				CLANG_WARN_DIRECT_OBJC_ISA_USAGE = YES_ERROR;
				CLANG_WARN_DOCUMENTATION_COMMENTS = YES;
				CLANG_WARN_EMPTY_BODY = YES;
				CLANG_WARN_ENUM_CONVERSION = YES;
				CLANG_WARN_INFINITE_RECURSION = YES;
				CLANG_WARN_INT_CONVERSION = YES;
				CLANG_WARN_NON_LITERAL_NULL_CONVERSION = YES;
				CLANG_WARN_OBJC_IMPLICIT_RETAIN_SELF = YES;
				CLANG_WARN_OBJC_LITERAL_CONVERSION = YES;
				CLANG_WARN_OBJC_ROOT_CLASS = YES_ERROR;
				CLANG_WARN_RANGE_LOOP_ANALYSIS = YES;
				CLANG_WARN_STRICT_PROTOTYPES = YES;
				CLANG_WARN_SUSPICIOUS_MOVE = YES;
				CLANG_WARN_UNGUARDED_AVAILABILITY = YES_AGGRESSIVE;
				CLANG_WARN_UNREACHABLE_CODE = YES;
				CLANG_WARN__DUPLICATE_METHOD_MATCH = YES;
				CODE_SIGN_IDENTITY = "iPhone Developer";
				COPY_PHASE_STRIP = NO;
				DEBUG_INFORMATION_FORMAT = dwarf;
				ENABLE_STRICT_OBJC_MSGSEND = YES;
				ENABLE_TESTABILITY = YES;
				GCC_C_LANGUAGE_STANDARD = gnu11;
				GCC_DYNAMIC_NO_PIC = NO;
				GCC_NO_COMMON_BLOCKS = YES;
				GCC_OPTIMIZATION_LEVEL = 0;
				GCC_PREPROCESSOR_DEFINITIONS = (
					"DEBUG=1",
					"$(inherited)",
				);
				GCC_WARN_64_TO_32_BIT_CONVERSION = YES;
				GCC_WARN_ABOUT_RETURN_TYPE = YES_ERROR;
				GCC_WARN_UNDECLARED_SELECTOR = YES;
				GCC_WARN_UNINITIALIZED_AUTOS = YES_AGGRESSIVE;
				GCC_WARN_UNUSED_FUNCTION = YES;
				GCC_WARN_UNUSED_VARIABLE = YES;
				IPHONEOS_DEPLOYMENT_TARGET = 12.2;
				MTL_ENABLE_DEBUG_INFO = INCLUDE_SOURCE;
				MTL_FAST_MATH = YES;
				ONLY_ACTIVE_ARCH = YES;
				SDKROOT = iphoneos;
				SWIFT_ACTIVE_COMPILATION_CONDITIONS = DEBUG;
				SWIFT_OPTIMIZATION_LEVEL = "-Onone";
			};
			name = Debug;
		};
		0F6F08682292822300858D30 /* Release */ = {
			isa = XCBuildConfiguration;
			buildSettings = {
				ALWAYS_SEARCH_USER_PATHS = NO;
				CLANG_ANALYZER_NONNULL = YES;
				CLANG_ANALYZER_NUMBER_OBJECT_CONVERSION = YES_AGGRESSIVE;
				CLANG_CXX_LANGUAGE_STANDARD = "gnu++14";
				CLANG_CXX_LIBRARY = "libc++";
				CLANG_ENABLE_MODULES = YES;
				CLANG_ENABLE_OBJC_ARC = YES;
				CLANG_ENABLE_OBJC_WEAK = YES;
				CLANG_WARN_BLOCK_CAPTURE_AUTORELEASING = YES;
				CLANG_WARN_BOOL_CONVERSION = YES;
				CLANG_WARN_COMMA = YES;
				CLANG_WARN_CONSTANT_CONVERSION = YES;
				CLANG_WARN_DEPRECATED_OBJC_IMPLEMENTATIONS = YES;
				CLANG_WARN_DIRECT_OBJC_ISA_USAGE = YES_ERROR;
				CLANG_WARN_DOCUMENTATION_COMMENTS = YES;
				CLANG_WARN_EMPTY_BODY = YES;
				CLANG_WARN_ENUM_CONVERSION = YES;
				CLANG_WARN_INFINITE_RECURSION = YES;
				CLANG_WARN_INT_CONVERSION = YES;
				CLANG_WARN_NON_LITERAL_NULL_CONVERSION = YES;
				CLANG_WARN_OBJC_IMPLICIT_RETAIN_SELF = YES;
				CLANG_WARN_OBJC_LITERAL_CONVERSION = YES;
				CLANG_WARN_OBJC_ROOT_CLASS = YES_ERROR;
				CLANG_WARN_RANGE_LOOP_ANALYSIS = YES;
				CLANG_WARN_STRICT_PROTOTYPES = YES;
				CLANG_WARN_SUSPICIOUS_MOVE = YES;
				CLANG_WARN_UNGUARDED_AVAILABILITY = YES_AGGRESSIVE;
				CLANG_WARN_UNREACHABLE_CODE = YES;
				CLANG_WARN__DUPLICATE_METHOD_MATCH = YES;
				CODE_SIGN_IDENTITY = "iPhone Developer";
				COPY_PHASE_STRIP = NO;
				DEBUG_INFORMATION_FORMAT = "dwarf-with-dsym";
				ENABLE_NS_ASSERTIONS = NO;
				ENABLE_STRICT_OBJC_MSGSEND = YES;
				GCC_C_LANGUAGE_STANDARD = gnu11;
				GCC_NO_COMMON_BLOCKS = YES;
				GCC_WARN_64_TO_32_BIT_CONVERSION = YES;
				GCC_WARN_ABOUT_RETURN_TYPE = YES_ERROR;
				GCC_WARN_UNDECLARED_SELECTOR = YES;
				GCC_WARN_UNINITIALIZED_AUTOS = YES_AGGRESSIVE;
				GCC_WARN_UNUSED_FUNCTION = YES;
				GCC_WARN_UNUSED_VARIABLE = YES;
				IPHONEOS_DEPLOYMENT_TARGET = 12.2;
				MTL_ENABLE_DEBUG_INFO = NO;
				MTL_FAST_MATH = YES;
				SDKROOT = iphoneos;
				SWIFT_COMPILATION_MODE = wholemodule;
				SWIFT_OPTIMIZATION_LEVEL = "-O";
				VALIDATE_PRODUCT = YES;
			};
			name = Release;
		};
		0F6F086A2292822300858D30 /* Debug */ = {
			isa = XCBuildConfiguration;
			buildSettings = {
				ASSETCATALOG_COMPILER_APPICON_NAME = AppIcon;
				CODE_SIGN_STYLE = Automatic;
				DEVELOPMENT_TEAM = 88DAFJFCQA;
				INFOPLIST_FILE = StoreSearch/Info.plist;
				LD_RUNPATH_SEARCH_PATHS = (
					"$(inherited)",
					"@executable_path/Frameworks",
				);
				PRODUCT_BUNDLE_IDENTIFIER = kirijaki.StoreSearch;
				PRODUCT_NAME = "$(TARGET_NAME)";
				SWIFT_VERSION = 5.0;
				TARGETED_DEVICE_FAMILY = "1,2";
			};
			name = Debug;
		};
		0F6F086B2292822300858D30 /* Release */ = {
			isa = XCBuildConfiguration;
			buildSettings = {
				ASSETCATALOG_COMPILER_APPICON_NAME = AppIcon;
				CODE_SIGN_STYLE = Automatic;
				DEVELOPMENT_TEAM = 88DAFJFCQA;
				INFOPLIST_FILE = StoreSearch/Info.plist;
				LD_RUNPATH_SEARCH_PATHS = (
					"$(inherited)",
					"@executable_path/Frameworks",
				);
				PRODUCT_BUNDLE_IDENTIFIER = kirijaki.StoreSearch;
				PRODUCT_NAME = "$(TARGET_NAME)";
				SWIFT_VERSION = 5.0;
				TARGETED_DEVICE_FAMILY = "1,2";
			};
			name = Release;
		};
/* End XCBuildConfiguration section */

/* Begin XCConfigurationList section */
		0F6F08522292822200858D30 /* Build configuration list for PBXProject "StoreSearch" */ = {
			isa = XCConfigurationList;
			buildConfigurations = (
				0F6F08672292822300858D30 /* Debug */,
				0F6F08682292822300858D30 /* Release */,
			);
			defaultConfigurationIsVisible = 0;
			defaultConfigurationName = Release;
		};
		0F6F08692292822300858D30 /* Build configuration list for PBXNativeTarget "StoreSearch" */ = {
			isa = XCConfigurationList;
			buildConfigurations = (
				0F6F086A2292822300858D30 /* Debug */,
				0F6F086B2292822300858D30 /* Release */,
			);
			defaultConfigurationIsVisible = 0;
			defaultConfigurationName = Release;
		};
/* End XCConfigurationList section */
	};
	rootObject = 0F6F084F2292822200858D30 /* Project object */;
}
